
Microsoft Visual Studio Solution File, Format Version 12.00
# Visual Studio Version 16
VisualStudioVersion = 16.0.30225.117
MinimumVisualStudioVersion = 10.0.40219.1
Project("{FAE04EC0-301F-11D3-BF4B-00C04F79EFBC}") = "FunWithClassesWorksheet", "FunWithClassesWorksheet\FunWithClassesWorksheet.csproj", "{648E73D9-FCF6-4D32-8EC6-023C842D9FF3}"
EndProject
Global
	GlobalSection(SolutionConfigurationPlatforms) = preSolution
		Debug|Any CPU = Debug|Any CPU
		Release|Any CPU = Release|Any CPU
	EndGlobalSection
	GlobalSection(ProjectConfigurationPlatforms) = postSolution
		{648E73D9-FCF6-4D32-8EC6-023C842D9FF3}.Debug|Any CPU.ActiveCfg = Debug|Any CPU
		{648E73D9-FCF6-4D32-8EC6-023C842D9FF3}.Debug|Any CPU.Build.0 = Debug|Any CPU
		{648E73D9-FCF6-4D32-8EC6-023C842D9FF3}.Release|Any CPU.ActiveCfg = Release|Any CPU
		{648E73D9-FCF6-4D32-8EC6-023C842D9FF3}.Release|Any CPU.Build.0 = Release|Any CPU
	EndGlobalSection
	GlobalSection(SolutionProperties) = preSolution
		HideSolutionNode = FALSE
	EndGlobalSection
	GlobalSection(ExtensibilityGlobals) = postSolution
		SolutionGuid = {E966F4B8-703F-4770-A630-06EFC99E8DB8}
	EndGlobalSection
EndGlobal
